// !$*UTF8*$!
{
	archiveVersion = 1;
	classes = {
	};
	objectVersion = 46;
	objects = {

/* Begin PBXBuildFile section */
		4FB4D353EC9970D7F420BB1A /* Pods_DotA_TrackerTests.framework in Frameworks */ = {isa = PBXBuildFile; fileRef = 8863F2FE3234C162999BC053 /* Pods_DotA_TrackerTests.framework */; };
		AAFB46FE52B72030C4B3488F /* Pods_DotA_Tracker.framework in Frameworks */ = {isa = PBXBuildFile; fileRef = 050D45C79954C334FEC4F1F8 /* Pods_DotA_Tracker.framework */; };
		DA709035C411A4B88B978198 /* Pods_DotA_TrackerUITests.framework in Frameworks */ = {isa = PBXBuildFile; fileRef = 13098F10E5789B7C73099D67 /* Pods_DotA_TrackerUITests.framework */; };
		E90C53071E557F90009130A7 /* AppDelegate.swift in Sources */ = {isa = PBXBuildFile; fileRef = E90C53061E557F90009130A7 /* AppDelegate.swift */; };
		E90C53101E557F90009130A7 /* Main.storyboard in Resources */ = {isa = PBXBuildFile; fileRef = E90C530E1E557F90009130A7 /* Main.storyboard */; };
		E90C53121E557F90009130A7 /* Assets.xcassets in Resources */ = {isa = PBXBuildFile; fileRef = E90C53111E557F90009130A7 /* Assets.xcassets */; };
		E90C53201E557F90009130A7 /* DotA_TrackerTests.swift in Sources */ = {isa = PBXBuildFile; fileRef = E90C531F1E557F90009130A7 /* DotA_TrackerTests.swift */; };
		E90C532B1E557F90009130A7 /* DotA_TrackerUITests.swift in Sources */ = {isa = PBXBuildFile; fileRef = E90C532A1E557F90009130A7 /* DotA_TrackerUITests.swift */; };
		E90C533B1E55835F009130A7 /* d2bg.jpg in Resources */ = {isa = PBXBuildFile; fileRef = E90C533A1E55835F009130A7 /* d2bg.jpg */; };
		E90C533F1E5588CD009130A7 /* MainPageViewController.swift in Sources */ = {isa = PBXBuildFile; fileRef = E90C533E1E5588CD009130A7 /* MainPageViewController.swift */; };
		E90C53431E55B1B6009130A7 /* PageContentViewController.swift in Sources */ = {isa = PBXBuildFile; fileRef = E90C53421E55B1B6009130A7 /* PageContentViewController.swift */; };
		E9F043621E5C9242009ED91D /* d2e.PNG in Resources */ = {isa = PBXBuildFile; fileRef = E9F043611E5C9242009ED91D /* d2e.PNG */; };
/* End PBXBuildFile section */

/* Begin PBXContainerItemProxy section */
		E90C531C1E557F90009130A7 /* PBXContainerItemProxy */ = {
			isa = PBXContainerItemProxy;
			containerPortal = E90C52FB1E557F90009130A7 /* Project object */;
			proxyType = 1;
			remoteGlobalIDString = E90C53021E557F90009130A7;
			remoteInfo = "DotA Tracker";
		};
		E90C53271E557F90009130A7 /* PBXContainerItemProxy */ = {
			isa = PBXContainerItemProxy;
			containerPortal = E90C52FB1E557F90009130A7 /* Project object */;
			proxyType = 1;
			remoteGlobalIDString = E90C53021E557F90009130A7;
			remoteInfo = "DotA Tracker";
		};
/* End PBXContainerItemProxy section */

/* Begin PBXFileReference section */
		050D45C79954C334FEC4F1F8 /* Pods_DotA_Tracker.framework */ = {isa = PBXFileReference; explicitFileType = wrapper.framework; includeInIndex = 0; path = Pods_DotA_Tracker.framework; sourceTree = BUILT_PRODUCTS_DIR; };
		13098F10E5789B7C73099D67 /* Pods_DotA_TrackerUITests.framework */ = {isa = PBXFileReference; explicitFileType = wrapper.framework; includeInIndex = 0; path = Pods_DotA_TrackerUITests.framework; sourceTree = BUILT_PRODUCTS_DIR; };
		16C80757BA421A7BB75830EC /* Pods-DotA TrackerUITests.release.xcconfig */ = {isa = PBXFileReference; includeInIndex = 1; lastKnownFileType = text.xcconfig; name = "Pods-DotA TrackerUITests.release.xcconfig"; path = "Pods/Target Support Files/Pods-DotA TrackerUITests/Pods-DotA TrackerUITests.release.xcconfig"; sourceTree = "<group>"; };
		2FE9BD702D9764255AD67FB4 /* Pods-DotA Tracker.release.xcconfig */ = {isa = PBXFileReference; includeInIndex = 1; lastKnownFileType = text.xcconfig; name = "Pods-DotA Tracker.release.xcconfig"; path = "Pods/Target Support Files/Pods-DotA Tracker/Pods-DotA Tracker.release.xcconfig"; sourceTree = "<group>"; };
		65EA809FB15769DC18C7DD20 /* Pods-DotA TrackerTests.release.xcconfig */ = {isa = PBXFileReference; includeInIndex = 1; lastKnownFileType = text.xcconfig; name = "Pods-DotA TrackerTests.release.xcconfig"; path = "Pods/Target Support Files/Pods-DotA TrackerTests/Pods-DotA TrackerTests.release.xcconfig"; sourceTree = "<group>"; };
		72A6A9F3944F107182F1EA6F /* Pods-DotA TrackerUITests.debug.xcconfig */ = {isa = PBXFileReference; includeInIndex = 1; lastKnownFileType = text.xcconfig; name = "Pods-DotA TrackerUITests.debug.xcconfig"; path = "Pods/Target Support Files/Pods-DotA TrackerUITests/Pods-DotA TrackerUITests.debug.xcconfig"; sourceTree = "<group>"; };
		8863F2FE3234C162999BC053 /* Pods_DotA_TrackerTests.framework */ = {isa = PBXFileReference; explicitFileType = wrapper.framework; includeInIndex = 0; path = Pods_DotA_TrackerTests.framework; sourceTree = BUILT_PRODUCTS_DIR; };
		E90C53031E557F90009130A7 /* DotA Tracker.app */ = {isa = PBXFileReference; explicitFileType = wrapper.application; includeInIndex = 0; path = "DotA Tracker.app"; sourceTree = BUILT_PRODUCTS_DIR; };
		E90C53061E557F90009130A7 /* AppDelegate.swift */ = {isa = PBXFileReference; lastKnownFileType = sourcecode.swift; path = AppDelegate.swift; sourceTree = "<group>"; };
		E90C530F1E557F90009130A7 /* Base */ = {isa = PBXFileReference; lastKnownFileType = file.storyboard; name = Base; path = Base.lproj/Main.storyboard; sourceTree = "<group>"; };
		E90C53111E557F90009130A7 /* Assets.xcassets */ = {isa = PBXFileReference; lastKnownFileType = folder.assetcatalog; path = Assets.xcassets; sourceTree = "<group>"; };
		E90C53161E557F90009130A7 /* Info.plist */ = {isa = PBXFileReference; lastKnownFileType = text.plist.xml; path = Info.plist; sourceTree = "<group>"; };
		E90C531B1E557F90009130A7 /* DotA TrackerTests.xctest */ = {isa = PBXFileReference; explicitFileType = wrapper.cfbundle; includeInIndex = 0; path = "DotA TrackerTests.xctest"; sourceTree = BUILT_PRODUCTS_DIR; };
		E90C531F1E557F90009130A7 /* DotA_TrackerTests.swift */ = {isa = PBXFileReference; lastKnownFileType = sourcecode.swift; path = DotA_TrackerTests.swift; sourceTree = "<group>"; };
		E90C53211E557F90009130A7 /* Info.plist */ = {isa = PBXFileReference; lastKnownFileType = text.plist.xml; path = Info.plist; sourceTree = "<group>"; };
		E90C53261E557F90009130A7 /* DotA TrackerUITests.xctest */ = {isa = PBXFileReference; explicitFileType = wrapper.cfbundle; includeInIndex = 0; path = "DotA TrackerUITests.xctest"; sourceTree = BUILT_PRODUCTS_DIR; };
		E90C532A1E557F90009130A7 /* DotA_TrackerUITests.swift */ = {isa = PBXFileReference; lastKnownFileType = sourcecode.swift; path = DotA_TrackerUITests.swift; sourceTree = "<group>"; };
		E90C532C1E557F90009130A7 /* Info.plist */ = {isa = PBXFileReference; lastKnownFileType = text.plist.xml; path = Info.plist; sourceTree = "<group>"; };
		E90C533A1E55835F009130A7 /* d2bg.jpg */ = {isa = PBXFileReference; lastKnownFileType = image.jpeg; path = d2bg.jpg; sourceTree = "<group>"; };
		E90C533E1E5588CD009130A7 /* MainPageViewController.swift */ = {isa = PBXFileReference; fileEncoding = 4; lastKnownFileType = sourcecode.swift; path = MainPageViewController.swift; sourceTree = "<group>"; };
		E90C53421E55B1B6009130A7 /* PageContentViewController.swift */ = {isa = PBXFileReference; fileEncoding = 4; lastKnownFileType = sourcecode.swift; path = PageContentViewController.swift; sourceTree = "<group>"; };
		E9F043611E5C9242009ED91D /* d2e.PNG */ = {isa = PBXFileReference; lastKnownFileType = image.png; path = d2e.PNG; sourceTree = "<group>"; };
		EA88C08979AFA104374C9DE1 /* Pods-DotA TrackerTests.debug.xcconfig */ = {isa = PBXFileReference; includeInIndex = 1; lastKnownFileType = text.xcconfig; name = "Pods-DotA TrackerTests.debug.xcconfig"; path = "Pods/Target Support Files/Pods-DotA TrackerTests/Pods-DotA TrackerTests.debug.xcconfig"; sourceTree = "<group>"; };
		EF2A2FEEA635A897C6E47C26 /* Pods-DotA Tracker.debug.xcconfig */ = {isa = PBXFileReference; includeInIndex = 1; lastKnownFileType = text.xcconfig; name = "Pods-DotA Tracker.debug.xcconfig"; path = "Pods/Target Support Files/Pods-DotA Tracker/Pods-DotA Tracker.debug.xcconfig"; sourceTree = "<group>"; };
/* End PBXFileReference section */

/* Begin PBXFrameworksBuildPhase section */
		E90C53001E557F90009130A7 /* Frameworks */ = {
			isa = PBXFrameworksBuildPhase;
			buildActionMask = 2147483647;
			files = (
				AAFB46FE52B72030C4B3488F /* Pods_DotA_Tracker.framework in Frameworks */,
			);
			runOnlyForDeploymentPostprocessing = 0;
		};
		E90C53181E557F90009130A7 /* Frameworks */ = {
			isa = PBXFrameworksBuildPhase;
			buildActionMask = 2147483647;
			files = (
				4FB4D353EC9970D7F420BB1A /* Pods_DotA_TrackerTests.framework in Frameworks */,
			);
			runOnlyForDeploymentPostprocessing = 0;
		};
		E90C53231E557F90009130A7 /* Frameworks */ = {
			isa = PBXFrameworksBuildPhase;
			buildActionMask = 2147483647;
			files = (
				DA709035C411A4B88B978198 /* Pods_DotA_TrackerUITests.framework in Frameworks */,
			);
			runOnlyForDeploymentPostprocessing = 0;
		};
/* End PBXFrameworksBuildPhase section */

/* Begin PBXGroup section */
		AED6FE5A7B9EB1E87FD7681F /* Frameworks */ = {
			isa = PBXGroup;
			children = (
				050D45C79954C334FEC4F1F8 /* Pods_DotA_Tracker.framework */,
				8863F2FE3234C162999BC053 /* Pods_DotA_TrackerTests.framework */,
				13098F10E5789B7C73099D67 /* Pods_DotA_TrackerUITests.framework */,
			);
			name = Frameworks;
			sourceTree = "<group>";
		};
		E90C52FA1E557F90009130A7 = {
			isa = PBXGroup;
			children = (
				E90C53051E557F90009130A7 /* DotA Tracker */,
				E90C531E1E557F90009130A7 /* DotA TrackerTests */,
				E90C53291E557F90009130A7 /* DotA TrackerUITests */,
				E90C53041E557F90009130A7 /* Products */,
				F3F102FD06FD66F851368CE1 /* Pods */,
				AED6FE5A7B9EB1E87FD7681F /* Frameworks */,
			);
			sourceTree = "<group>";
		};
		E90C53041E557F90009130A7 /* Products */ = {
			isa = PBXGroup;
			children = (
				E90C53031E557F90009130A7 /* DotA Tracker.app */,
				E90C531B1E557F90009130A7 /* DotA TrackerTests.xctest */,
				E90C53261E557F90009130A7 /* DotA TrackerUITests.xctest */,
			);
			name = Products;
			sourceTree = "<group>";
		};
		E90C53051E557F90009130A7 /* DotA Tracker */ = {
			isa = PBXGroup;
			children = (
				E90C53441E55B1C8009130A7 /* Supporting files */,
				E90C53061E557F90009130A7 /* AppDelegate.swift */,
				E90C533E1E5588CD009130A7 /* MainPageViewController.swift */,
				E90C53421E55B1B6009130A7 /* PageContentViewController.swift */,
				E90C530E1E557F90009130A7 /* Main.storyboard */,
			);
			path = "DotA Tracker";
			sourceTree = "<group>";
		};
		E90C531E1E557F90009130A7 /* DotA TrackerTests */ = {
			isa = PBXGroup;
			children = (
				E90C531F1E557F90009130A7 /* DotA_TrackerTests.swift */,
				E90C53211E557F90009130A7 /* Info.plist */,
			);
			path = "DotA TrackerTests";
			sourceTree = "<group>";
		};
		E90C53291E557F90009130A7 /* DotA TrackerUITests */ = {
			isa = PBXGroup;
			children = (
				E90C532A1E557F90009130A7 /* DotA_TrackerUITests.swift */,
				E90C532C1E557F90009130A7 /* Info.plist */,
			);
			path = "DotA TrackerUITests";
			sourceTree = "<group>";
		};
		E90C53391E558340009130A7 /* img */ = {
			isa = PBXGroup;
			children = (
				E9F043611E5C9242009ED91D /* d2e.PNG */,
				E90C533A1E55835F009130A7 /* d2bg.jpg */,
			);
			name = img;
			sourceTree = "<group>";
		};
		E90C53441E55B1C8009130A7 /* Supporting files */ = {
			isa = PBXGroup;
			children = (
				E90C53391E558340009130A7 /* img */,
				E90C53161E557F90009130A7 /* Info.plist */,
				E90C53111E557F90009130A7 /* Assets.xcassets */,
			);
			name = "Supporting files";
			sourceTree = "<group>";
		};
		F3F102FD06FD66F851368CE1 /* Pods */ = {
			isa = PBXGroup;
			children = (
				EF2A2FEEA635A897C6E47C26 /* Pods-DotA Tracker.debug.xcconfig */,
				2FE9BD702D9764255AD67FB4 /* Pods-DotA Tracker.release.xcconfig */,
				EA88C08979AFA104374C9DE1 /* Pods-DotA TrackerTests.debug.xcconfig */,
				65EA809FB15769DC18C7DD20 /* Pods-DotA TrackerTests.release.xcconfig */,
				72A6A9F3944F107182F1EA6F /* Pods-DotA TrackerUITests.debug.xcconfig */,
				16C80757BA421A7BB75830EC /* Pods-DotA TrackerUITests.release.xcconfig */,
			);
			name = Pods;
			sourceTree = "<group>";
		};
/* End PBXGroup section */

/* Begin PBXNativeTarget section */
		E90C53021E557F90009130A7 /* DotA Tracker */ = {
			isa = PBXNativeTarget;
			buildConfigurationList = E90C532F1E557F90009130A7 /* Build configuration list for PBXNativeTarget "DotA Tracker" */;
			buildPhases = (
				8328F6AE274B645C083B7B4C /* [CP] Check Pods Manifest.lock */,
				E90C52FF1E557F90009130A7 /* Sources */,
				E90C53001E557F90009130A7 /* Frameworks */,
				E90C53011E557F90009130A7 /* Resources */,
				D95A8448A150714E8C0D3412 /* [CP] Embed Pods Frameworks */,
				39894AE51B9429A85191268F /* [CP] Copy Pods Resources */,
			);
			buildRules = (
			);
			dependencies = (
			);
			name = "DotA Tracker";
			productName = "DotA Tracker";
			productReference = E90C53031E557F90009130A7 /* DotA Tracker.app */;
			productType = "com.apple.product-type.application";
		};
		E90C531A1E557F90009130A7 /* DotA TrackerTests */ = {
			isa = PBXNativeTarget;
			buildConfigurationList = E90C53321E557F90009130A7 /* Build configuration list for PBXNativeTarget "DotA TrackerTests" */;
			buildPhases = (
				5638092484DD2237445EFC06 /* [CP] Check Pods Manifest.lock */,
				E90C53171E557F90009130A7 /* Sources */,
				E90C53181E557F90009130A7 /* Frameworks */,
				E90C53191E557F90009130A7 /* Resources */,
				3B21E488B1963FC5D581E92B /* [CP] Embed Pods Frameworks */,
				293E8F20D44E61D813AE0D7E /* [CP] Copy Pods Resources */,
			);
			buildRules = (
			);
			dependencies = (
				E90C531D1E557F90009130A7 /* PBXTargetDependency */,
			);
			name = "DotA TrackerTests";
			productName = "DotA TrackerTests";
			productReference = E90C531B1E557F90009130A7 /* DotA TrackerTests.xctest */;
			productType = "com.apple.product-type.bundle.unit-test";
		};
		E90C53251E557F90009130A7 /* DotA TrackerUITests */ = {
			isa = PBXNativeTarget;
			buildConfigurationList = E90C53351E557F90009130A7 /* Build configuration list for PBXNativeTarget "DotA TrackerUITests" */;
			buildPhases = (
				0D376A81A8E966FC1852ACED /* [CP] Check Pods Manifest.lock */,
				E90C53221E557F90009130A7 /* Sources */,
				E90C53231E557F90009130A7 /* Frameworks */,
				E90C53241E557F90009130A7 /* Resources */,
				6252E8A3D3C1C1C0FE8B0577 /* [CP] Embed Pods Frameworks */,
				DC9DBFF7DDB3E73AE3E836DA /* [CP] Copy Pods Resources */,
			);
			buildRules = (
			);
			dependencies = (
				E90C53281E557F90009130A7 /* PBXTargetDependency */,
			);
			name = "DotA TrackerUITests";
			productName = "DotA TrackerUITests";
			productReference = E90C53261E557F90009130A7 /* DotA TrackerUITests.xctest */;
			productType = "com.apple.product-type.bundle.ui-testing";
		};
/* End PBXNativeTarget section */

/* Begin PBXProject section */
		E90C52FB1E557F90009130A7 /* Project object */ = {
			isa = PBXProject;
			attributes = {
				LastSwiftUpdateCheck = 0820;
				LastUpgradeCheck = 0820;
				ORGANIZATIONNAME = cban;
				TargetAttributes = {
					E90C53021E557F90009130A7 = {
						CreatedOnToolsVersion = 8.2.1;
						DevelopmentTeam = 35B95L3RA8;
						ProvisioningStyle = Automatic;
						SystemCapabilities = {
							com.apple.Push = {
								enabled = 0;
							};
						};
					};
					E90C531A1E557F90009130A7 = {
						CreatedOnToolsVersion = 8.2.1;
						ProvisioningStyle = Automatic;
						TestTargetID = E90C53021E557F90009130A7;
					};
					E90C53251E557F90009130A7 = {
						CreatedOnToolsVersion = 8.2.1;
						ProvisioningStyle = Automatic;
						TestTargetID = E90C53021E557F90009130A7;
					};
				};
			};
			buildConfigurationList = E90C52FE1E557F90009130A7 /* Build configuration list for PBXProject "DotA Tracker" */;
			compatibilityVersion = "Xcode 3.2";
			developmentRegion = English;
			hasScannedForEncodings = 0;
			knownRegions = (
				en,
				Base,
			);
			mainGroup = E90C52FA1E557F90009130A7;
			productRefGroup = E90C53041E557F90009130A7 /* Products */;
			projectDirPath = "";
			projectRoot = "";
			targets = (
				E90C53021E557F90009130A7 /* DotA Tracker */,
				E90C531A1E557F90009130A7 /* DotA TrackerTests */,
				E90C53251E557F90009130A7 /* DotA TrackerUITests */,
			);
		};
/* End PBXProject section */

/* Begin PBXResourcesBuildPhase section */
		E90C53011E557F90009130A7 /* Resources */ = {
			isa = PBXResourcesBuildPhase;
			buildActionMask = 2147483647;
			files = (
				E90C53121E557F90009130A7 /* Assets.xcassets in Resources */,
				E9F043621E5C9242009ED91D /* d2e.PNG in Resources */,
				E90C533B1E55835F009130A7 /* d2bg.jpg in Resources */,
				E90C53101E557F90009130A7 /* Main.storyboard in Resources */,
			);
			runOnlyForDeploymentPostprocessing = 0;
		};
		E90C53191E557F90009130A7 /* Resources */ = {
			isa = PBXResourcesBuildPhase;
			buildActionMask = 2147483647;
			files = (
			);
			runOnlyForDeploymentPostprocessing = 0;
		};
		E90C53241E557F90009130A7 /* Resources */ = {
			isa = PBXResourcesBuildPhase;
			buildActionMask = 2147483647;
			files = (
			);
			runOnlyForDeploymentPostprocessing = 0;
		};
/* End PBXResourcesBuildPhase section */

/* Begin PBXShellScriptBuildPhase section */
		0D376A81A8E966FC1852ACED /* [CP] Check Pods Manifest.lock */ = {
			isa = PBXShellScriptBuildPhase;
			buildActionMask = 2147483647;
			files = (
			);
			inputPaths = (
			);
			name = "[CP] Check Pods Manifest.lock";
			outputPaths = (
			);
			runOnlyForDeploymentPostprocessing = 0;
			shellPath = /bin/sh;
			shellScript = "diff \"${PODS_ROOT}/../Podfile.lock\" \"${PODS_ROOT}/Manifest.lock\" > /dev/null\nif [ $? != 0 ] ; then\n    # print error to STDERR\n    echo \"error: The sandbox is not in sync with the Podfile.lock. Run 'pod install' or update your CocoaPods installation.\" >&2\n    exit 1\nfi\n";
			showEnvVarsInLog = 0;
		};
		293E8F20D44E61D813AE0D7E /* [CP] Copy Pods Resources */ = {
			isa = PBXShellScriptBuildPhase;
			buildActionMask = 2147483647;
			files = (
			);
			inputPaths = (
			);
			name = "[CP] Copy Pods Resources";
			outputPaths = (
			);
			runOnlyForDeploymentPostprocessing = 0;
			shellPath = /bin/sh;
			shellScript = "\"${SRCROOT}/Pods/Target Support Files/Pods-DotA TrackerTests/Pods-DotA TrackerTests-resources.sh\"\n";
			showEnvVarsInLog = 0;
		};
		39894AE51B9429A85191268F /* [CP] Copy Pods Resources */ = {
			isa = PBXShellScriptBuildPhase;
			buildActionMask = 2147483647;
			files = (
			);
			inputPaths = (
			);
			name = "[CP] Copy Pods Resources";
			outputPaths = (
			);
			runOnlyForDeploymentPostprocessing = 0;
			shellPath = /bin/sh;
			shellScript = "\"${SRCROOT}/Pods/Target Support Files/Pods-DotA Tracker/Pods-DotA Tracker-resources.sh\"\n";
			showEnvVarsInLog = 0;
		};
		3B21E488B1963FC5D581E92B /* [CP] Embed Pods Frameworks */ = {
			isa = PBXShellScriptBuildPhase;
			buildActionMask = 2147483647;
			files = (
			);
			inputPaths = (
			);
			name = "[CP] Embed Pods Frameworks";
			outputPaths = (
			);
			runOnlyForDeploymentPostprocessing = 0;
			shellPath = /bin/sh;
			shellScript = "\"${SRCROOT}/Pods/Target Support Files/Pods-DotA TrackerTests/Pods-DotA TrackerTests-frameworks.sh\"\n";
			showEnvVarsInLog = 0;
		};
		5638092484DD2237445EFC06 /* [CP] Check Pods Manifest.lock */ = {
			isa = PBXShellScriptBuildPhase;
			buildActionMask = 2147483647;
			files = (
			);
			inputPaths = (
			);
			name = "[CP] Check Pods Manifest.lock";
			outputPaths = (
			);
			runOnlyForDeploymentPostprocessing = 0;
			shellPath = /bin/sh;
			shellScript = "diff \"${PODS_ROOT}/../Podfile.lock\" \"${PODS_ROOT}/Manifest.lock\" > /dev/null\nif [ $? != 0 ] ; then\n    # print error to STDERR\n    echo \"error: The sandbox is not in sync with the Podfile.lock. Run 'pod install' or update your CocoaPods installation.\" >&2\n    exit 1\nfi\n";
			showEnvVarsInLog = 0;
		};
		6252E8A3D3C1C1C0FE8B0577 /* [CP] Embed Pods Frameworks */ = {
			isa = PBXShellScriptBuildPhase;
			buildActionMask = 2147483647;
			files = (
			);
			inputPaths = (
			);
			name = "[CP] Embed Pods Frameworks";
			outputPaths = (
			);
			runOnlyForDeploymentPostprocessing = 0;
			shellPath = /bin/sh;
			shellScript = "\"${SRCROOT}/Pods/Target Support Files/Pods-DotA TrackerUITests/Pods-DotA TrackerUITests-frameworks.sh\"\n";
			showEnvVarsInLog = 0;
		};
		8328F6AE274B645C083B7B4C /* [CP] Check Pods Manifest.lock */ = {
			isa = PBXShellScriptBuildPhase;
			buildActionMask = 2147483647;
			files = (
			);
			inputPaths = (
			);
			name = "[CP] Check Pods Manifest.lock";
			outputPaths = (
			);
			runOnlyForDeploymentPostprocessing = 0;
			shellPath = /bin/sh;
			shellScript = "diff \"${PODS_ROOT}/../Podfile.lock\" \"${PODS_ROOT}/Manifest.lock\" > /dev/null\nif [ $? != 0 ] ; then\n    # print error to STDERR\n    echo \"error: The sandbox is not in sync with the Podfile.lock. Run 'pod install' or update your CocoaPods installation.\" >&2\n    exit 1\nfi\n";
			showEnvVarsInLog = 0;
		};
		D95A8448A150714E8C0D3412 /* [CP] Embed Pods Frameworks */ = {
			isa = PBXShellScriptBuildPhase;
			buildActionMask = 2147483647;
			files = (
			);
			inputPaths = (
			);
			name = "[CP] Embed Pods Frameworks";
			outputPaths = (
			);
			runOnlyForDeploymentPostprocessing = 0;
			shellPath = /bin/sh;
			shellScript = "\"${SRCROOT}/Pods/Target Support Files/Pods-DotA Tracker/Pods-DotA Tracker-frameworks.sh\"\n";
			showEnvVarsInLog = 0;
		};
		DC9DBFF7DDB3E73AE3E836DA /* [CP] Copy Pods Resources */ = {
			isa = PBXShellScriptBuildPhase;
			buildActionMask = 2147483647;
			files = (
			);
			inputPaths = (
			);
			name = "[CP] Copy Pods Resources";
			outputPaths = (
			);
			runOnlyForDeploymentPostprocessing = 0;
			shellPath = /bin/sh;
			shellScript = "\"${SRCROOT}/Pods/Target Support Files/Pods-DotA TrackerUITests/Pods-DotA TrackerUITests-resources.sh\"\n";
			showEnvVarsInLog = 0;
		};
/* End PBXShellScriptBuildPhase section */

/* Begin PBXSourcesBuildPhase section */
		E90C52FF1E557F90009130A7 /* Sources */ = {
			isa = PBXSourcesBuildPhase;
			buildActionMask = 2147483647;
			files = (
				E90C53431E55B1B6009130A7 /* PageContentViewController.swift in Sources */,
				E90C533F1E5588CD009130A7 /* MainPageViewController.swift in Sources */,
				E90C53071E557F90009130A7 /* AppDelegate.swift in Sources */,
			);
			runOnlyForDeploymentPostprocessing = 0;
		};
		E90C53171E557F90009130A7 /* Sources */ = {
			isa = PBXSourcesBuildPhase;
			buildActionMask = 2147483647;
			files = (
				E90C53201E557F90009130A7 /* DotA_TrackerTests.swift in Sources */,
			);
			runOnlyForDeploymentPostprocessing = 0;
		};
		E90C53221E557F90009130A7 /* Sources */ = {
			isa = PBXSourcesBuildPhase;
			buildActionMask = 2147483647;
			files = (
				E90C532B1E557F90009130A7 /* DotA_TrackerUITests.swift in Sources */,
			);
			runOnlyForDeploymentPostprocessing = 0;
		};
/* End PBXSourcesBuildPhase section */

/* Begin PBXTargetDependency section */
		E90C531D1E557F90009130A7 /* PBXTargetDependency */ = {
			isa = PBXTargetDependency;
			target = E90C53021E557F90009130A7 /* DotA Tracker */;
			targetProxy = E90C531C1E557F90009130A7 /* PBXContainerItemProxy */;
		};
		E90C53281E557F90009130A7 /* PBXTargetDependency */ = {
			isa = PBXTargetDependency;
			target = E90C53021E557F90009130A7 /* DotA Tracker */;
			targetProxy = E90C53271E557F90009130A7 /* PBXContainerItemProxy */;
		};
/* End PBXTargetDependency section */

/* Begin PBXVariantGroup section */
		E90C530E1E557F90009130A7 /* Main.storyboard */ = {
			isa = PBXVariantGroup;
			children = (
				E90C530F1E557F90009130A7 /* Base */,
			);
			name = Main.storyboard;
			sourceTree = "<group>";
		};
/* End PBXVariantGroup section */

/* Begin XCBuildConfiguration section */
		E90C532D1E557F90009130A7 /* Debug */ = {
			isa = XCBuildConfiguration;
			buildSettings = {
				ALWAYS_SEARCH_USER_PATHS = NO;
				CLANG_ANALYZER_NONNULL = YES;
				CLANG_CXX_LANGUAGE_STANDARD = "gnu++0x";
				CLANG_CXX_LIBRARY = "libc++";
				CLANG_ENABLE_MODULES = YES;
				CLANG_ENABLE_OBJC_ARC = YES;
				CLANG_WARN_BOOL_CONVERSION = YES;
				CLANG_WARN_CONSTANT_CONVERSION = YES;
				CLANG_WARN_DIRECT_OBJC_ISA_USAGE = YES_ERROR;
				CLANG_WARN_DOCUMENTATION_COMMENTS = YES;
				CLANG_WARN_EMPTY_BODY = YES;
				CLANG_WARN_ENUM_CONVERSION = YES;
				CLANG_WARN_INFINITE_RECURSION = YES;
				CLANG_WARN_INT_CONVERSION = YES;
				CLANG_WARN_OBJC_ROOT_CLASS = YES_ERROR;
				CLANG_WARN_SUSPICIOUS_MOVE = YES;
				CLANG_WARN_UNREACHABLE_CODE = YES;
				CLANG_WARN__DUPLICATE_METHOD_MATCH = YES;
				"CODE_SIGN_IDENTITY[sdk=iphoneos*]" = "iPhone Developer";
				COPY_PHASE_STRIP = NO;
				DEBUG_INFORMATION_FORMAT = dwarf;
				ENABLE_STRICT_OBJC_MSGSEND = YES;
				ENABLE_TESTABILITY = YES;
				GCC_C_LANGUAGE_STANDARD = gnu99;
				GCC_DYNAMIC_NO_PIC = NO;
				GCC_NO_COMMON_BLOCKS = YES;
				GCC_OPTIMIZATION_LEVEL = 0;
				GCC_PREPROCESSOR_DEFINITIONS = (
					"DEBUG=1",
					"$(inherited)",
				);
				GCC_WARN_64_TO_32_BIT_CONVERSION = YES;
				GCC_WARN_ABOUT_RETURN_TYPE = YES_ERROR;
				GCC_WARN_UNDECLARED_SELECTOR = YES;
				GCC_WARN_UNINITIALIZED_AUTOS = YES_AGGRESSIVE;
				GCC_WARN_UNUSED_FUNCTION = YES;
				GCC_WARN_UNUSED_VARIABLE = YES;
				IPHONEOS_DEPLOYMENT_TARGET = 10.2;
				MTL_ENABLE_DEBUG_INFO = YES;
				ONLY_ACTIVE_ARCH = YES;
				SDKROOT = iphoneos;
				SWIFT_ACTIVE_COMPILATION_CONDITIONS = DEBUG;
				SWIFT_OPTIMIZATION_LEVEL = "-Onone";
			};
			name = Debug;
		};
		E90C532E1E557F90009130A7 /* Release */ = {
			isa = XCBuildConfiguration;
			buildSettings = {
				ALWAYS_SEARCH_USER_PATHS = NO;
				CLANG_ANALYZER_NONNULL = YES;
				CLANG_CXX_LANGUAGE_STANDARD = "gnu++0x";
				CLANG_CXX_LIBRARY = "libc++";
				CLANG_ENABLE_MODULES = YES;
				CLANG_ENABLE_OBJC_ARC = YES;
				CLANG_WARN_BOOL_CONVERSION = YES;
				CLANG_WARN_CONSTANT_CONVERSION = YES;
				CLANG_WARN_DIRECT_OBJC_ISA_USAGE = YES_ERROR;
				CLANG_WARN_DOCUMENTATION_COMMENTS = YES;
				CLANG_WARN_EMPTY_BODY = YES;
				CLANG_WARN_ENUM_CONVERSION = YES;
				CLANG_WARN_INFINITE_RECURSION = YES;
				CLANG_WARN_INT_CONVERSION = YES;
				CLANG_WARN_OBJC_ROOT_CLASS = YES_ERROR;
				CLANG_WARN_SUSPICIOUS_MOVE = YES;
				CLANG_WARN_UNREACHABLE_CODE = YES;
				CLANG_WARN__DUPLICATE_METHOD_MATCH = YES;
				"CODE_SIGN_IDENTITY[sdk=iphoneos*]" = "iPhone Developer";
				COPY_PHASE_STRIP = NO;
				DEBUG_INFORMATION_FORMAT = "dwarf-with-dsym";
				ENABLE_NS_ASSERTIONS = NO;
				ENABLE_STRICT_OBJC_MSGSEND = YES;
				GCC_C_LANGUAGE_STANDARD = gnu99;
				GCC_NO_COMMON_BLOCKS = YES;
				GCC_WARN_64_TO_32_BIT_CONVERSION = YES;
				GCC_WARN_ABOUT_RETURN_TYPE = YES_ERROR;
				GCC_WARN_UNDECLARED_SELECTOR = YES;
				GCC_WARN_UNINITIALIZED_AUTOS = YES_AGGRESSIVE;
				GCC_WARN_UNUSED_FUNCTION = YES;
				GCC_WARN_UNUSED_VARIABLE = YES;
				IPHONEOS_DEPLOYMENT_TARGET = 10.2;
				MTL_ENABLE_DEBUG_INFO = NO;
				SDKROOT = iphoneos;
				SWIFT_OPTIMIZATION_LEVEL = "-Owholemodule";
				VALIDATE_PRODUCT = YES;
			};
			name = Release;
		};
		E90C53301E557F90009130A7 /* Debug */ = {
			isa = XCBuildConfiguration;
			baseConfigurationReference = EF2A2FEEA635A897C6E47C26 /* Pods-DotA Tracker.debug.xcconfig */;
			buildSettings = {
				ASSETCATALOG_COMPILER_APPICON_NAME = AppIcon;
				DEVELOPMENT_TEAM = 35B95L3RA8;
				INFOPLIST_FILE = "DotA Tracker/Info.plist";
				LD_RUNPATH_SEARCH_PATHS = "$(inherited) @executable_path/Frameworks";
				PRODUCT_BUNDLE_IDENTIFIER = "cban.DotA-Tracker";
				PRODUCT_NAME = "$(TARGET_NAME)";
				SWIFT_VERSION = 3.0;
			};
			name = Debug;
		};
		E90C53311E557F90009130A7 /* Release */ = {
			isa = XCBuildConfiguration;
			baseConfigurationReference = 2FE9BD702D9764255AD67FB4 /* Pods-DotA Tracker.release.xcconfig */;
			buildSettings = {
				ASSETCATALOG_COMPILER_APPICON_NAME = AppIcon;
				DEVELOPMENT_TEAM = 35B95L3RA8;
				INFOPLIST_FILE = "DotA Tracker/Info.plist";
				LD_RUNPATH_SEARCH_PATHS = "$(inherited) @executable_path/Frameworks";
				PRODUCT_BUNDLE_IDENTIFIER = "cban.DotA-Tracker";
				PRODUCT_NAME = "$(TARGET_NAME)";
				SWIFT_VERSION = 3.0;
			};
			name = Release;
		};
		E90C53331E557F90009130A7 /* Debug */ = {
			isa = XCBuildConfiguration;
			baseConfigurationReference = EA88C08979AFA104374C9DE1 /* Pods-DotA TrackerTests.debug.xcconfig */;
			buildSettings = {
				ALWAYS_EMBED_SWIFT_STANDARD_LIBRARIES = YES;
				BUNDLE_LOADER = "$(TEST_HOST)";
				INFOPLIST_FILE = "DotA TrackerTests/Info.plist";
				LD_RUNPATH_SEARCH_PATHS = "$(inherited) @executable_path/Frameworks @loader_path/Frameworks";
				PRODUCT_BUNDLE_IDENTIFIER = "cban.DotA-TrackerTests";
				PRODUCT_NAME = "$(TARGET_NAME)";
				SWIFT_VERSION = 3.0;
				TEST_HOST = "$(BUILT_PRODUCTS_DIR)/DotA Tracker.app/DotA Tracker";
			};
			name = Debug;
		};
		E90C53341E557F90009130A7 /* Release */ = {
			isa = XCBuildConfiguration;
			baseConfigurationReference = 65EA809FB15769DC18C7DD20 /* Pods-DotA TrackerTests.release.xcconfig */;
			buildSettings = {
				ALWAYS_EMBED_SWIFT_STANDARD_LIBRARIES = YES;
				BUNDLE_LOADER = "$(TEST_HOST)";
				INFOPLIST_FILE = "DotA TrackerTests/Info.plist";
				LD_RUNPATH_SEARCH_PATHS = "$(inherited) @executable_path/Frameworks @loader_path/Frameworks";
				PRODUCT_BUNDLE_IDENTIFIER = "cban.DotA-TrackerTests";
				PRODUCT_NAME = "$(TARGET_NAME)";
				SWIFT_VERSION = 3.0;
				TEST_HOST = "$(BUILT_PRODUCTS_DIR)/DotA Tracker.app/DotA Tracker";
			};
			name = Release;
		};
		E90C53361E557F90009130A7 /* Debug */ = {
			isa = XCBuildConfiguration;
			baseConfigurationReference = 72A6A9F3944F107182F1EA6F /* Pods-DotA TrackerUITests.debug.xcconfig */;
			buildSettings = {
				ALWAYS_EMBED_SWIFT_STANDARD_LIBRARIES = YES;
				INFOPLIST_FILE = "DotA TrackerUITests/Info.plist";
				LD_RUNPATH_SEARCH_PATHS = "$(inherited) @executable_path/Frameworks @loader_path/Frameworks";
				PRODUCT_BUNDLE_IDENTIFIER = "cban.DotA-TrackerUITests";
				PRODUCT_NAME = "$(TARGET_NAME)";
				SWIFT_VERSION = 3.0;
				TEST_TARGET_NAME = "DotA Tracker";
			};
			name = Debug;
		};
		E90C53371E557F90009130A7 /* Release */ = {
			isa = XCBuildConfiguration;
			baseConfigurationReference = 16C80757BA421A7BB75830EC /* Pods-DotA TrackerUITests.release.xcconfig */;
			buildSettings = {
				ALWAYS_EMBED_SWIFT_STANDARD_LIBRARIES = YES;
				INFOPLIST_FILE = "DotA TrackerUITests/Info.plist";
				LD_RUNPATH_SEARCH_PATHS = "$(inherited) @executable_path/Frameworks @loader_path/Frameworks";
				PRODUCT_BUNDLE_IDENTIFIER = "cban.DotA-TrackerUITests";
				PRODUCT_NAME = "$(TARGET_NAME)";
				SWIFT_VERSION = 3.0;
				TEST_TARGET_NAME = "DotA Tracker";
			};
			name = Release;
		};
/* End XCBuildConfiguration section */

/* Begin XCConfigurationList section */
		E90C52FE1E557F90009130A7 /* Build configuration list for PBXProject "DotA Tracker" */ = {
			isa = XCConfigurationList;
			buildConfigurations = (
				E90C532D1E557F90009130A7 /* Debug */,
				E90C532E1E557F90009130A7 /* Release */,
			);
			defaultConfigurationIsVisible = 0;
			defaultConfigurationName = Release;
		};
		E90C532F1E557F90009130A7 /* Build configuration list for PBXNativeTarget "DotA Tracker" */ = {
			isa = XCConfigurationList;
			buildConfigurations = (
				E90C53301E557F90009130A7 /* Debug */,
				E90C53311E557F90009130A7 /* Release */,
			);
			defaultConfigurationIsVisible = 0;
			defaultConfigurationName = Release;
		};
		E90C53321E557F90009130A7 /* Build configuration list for PBXNativeTarget "DotA TrackerTests" */ = {
			isa = XCConfigurationList;
			buildConfigurations = (
				E90C53331E557F90009130A7 /* Debug */,
				E90C53341E557F90009130A7 /* Release */,
			);
			defaultConfigurationIsVisible = 0;
			defaultConfigurationName = Release;
		};
		E90C53351E557F90009130A7 /* Build configuration list for PBXNativeTarget "DotA TrackerUITests" */ = {
			isa = XCConfigurationList;
			buildConfigurations = (
				E90C53361E557F90009130A7 /* Debug */,
				E90C53371E557F90009130A7 /* Release */,
			);
			defaultConfigurationIsVisible = 0;
			defaultConfigurationName = Release;
		};
/* End XCConfigurationList section */
	};
	rootObject = E90C52FB1E557F90009130A7 /* Project object */;
}
